
Microsoft Visual Studio Solution File, Format Version 12.00
# Visual Studio 14
VisualStudioVersion = 14.0.23107.0
MinimumVisualStudioVersion = 10.0.40219.1
Project("{FAE04EC0-301F-11D3-BF4B-00C04F79EFBC}") = "TrueMedLib", "TrueMedLib\TrueMedLib.csproj", "{8F9C5691-E3F0-4160-8B02-8481A0267DEE}"
EndProject
Project("{FAE04EC0-301F-11D3-BF4B-00C04F79EFBC}") = "TrueMedConsole", "TrueMedConsole\TrueMedConsole.csproj", "{4D288C4D-E3AC-459A-8C9C-66288FC2E4FB}"
EndProject
Global
	GlobalSection(SolutionConfigurationPlatforms) = preSolution
		Debug|Any CPU = Debug|Any CPU
		Release|Any CPU = Release|Any CPU
	EndGlobalSection
	GlobalSection(ProjectConfigurationPlatforms) = postSolution
		{8F9C5691-E3F0-4160-8B02-8481A0267DEE}.Debug|Any CPU.ActiveCfg = Debug|Any CPU
		{8F9C5691-E3F0-4160-8B02-8481A0267DEE}.Debug|Any CPU.Build.0 = Debug|Any CPU
		{8F9C5691-E3F0-4160-8B02-8481A0267DEE}.Release|Any CPU.ActiveCfg = Release|Any CPU
		{8F9C5691-E3F0-4160-8B02-8481A0267DEE}.Release|Any CPU.Build.0 = Release|Any CPU
		{4D288C4D-E3AC-459A-8C9C-66288FC2E4FB}.Debug|Any CPU.ActiveCfg = Debug|Any CPU
		{4D288C4D-E3AC-459A-8C9C-66288FC2E4FB}.Debug|Any CPU.Build.0 = Debug|Any CPU
		{4D288C4D-E3AC-459A-8C9C-66288FC2E4FB}.Release|Any CPU.ActiveCfg = Release|Any CPU
		{4D288C4D-E3AC-459A-8C9C-66288FC2E4FB}.Release|Any CPU.Build.0 = Release|Any CPU
	EndGlobalSection
	GlobalSection(SolutionProperties) = preSolution
		HideSolutionNode = FALSE
	EndGlobalSection
EndGlobal
